
Microsoft Visual Studio Solution File, Format Version 12.00
# Visual Studio 14
VisualStudioVersion = 14.0.22310.1
MinimumVisualStudioVersion = 10.0.40219.1
Project("{2150E333-8FDC-42A3-9474-1A3956D46DE8}") = "Engine", "Engine", "{2B03B8FF-8158-4623-877D-576C1ECD0DD2}"
EndProject
Project("{2150E333-8FDC-42A3-9474-1A3956D46DE8}") = "Games", "Games", "{9352FC37-A170-4C69-9750-3F9D894361D2}"
EndProject
Project("{8BC9CEB8-8B4A-11D0-8D11-00A0C91BC942}") = "UE4", "Intermediate\ProjectFiles\UE4.vcxproj", "{50D68A00-DCDF-4296-816A-903C5CDE1061}"
EndProject
Project("{8BC9CEB8-8B4A-11D0-8D11-00A0C91BC942}") = "LordOfTank", "Intermediate\ProjectFiles\LordOfTank.vcxproj", "{ABF6D315-7DEA-45D8-B50B-30CADA5D9FAD}"
EndProject
Global
	GlobalSection(SolutionConfigurationPlatforms) = preSolution
		DebugGame Editor|HTML5 = DebugGame Editor|HTML5
		DebugGame Editor|Win32 = DebugGame Editor|Win32
		DebugGame Editor|Win64 = DebugGame Editor|Win64
		DebugGame|HTML5 = DebugGame|HTML5
		DebugGame|Win32 = DebugGame|Win32
		DebugGame|Win64 = DebugGame|Win64
		Development Editor|HTML5 = Development Editor|HTML5
		Development Editor|Win32 = Development Editor|Win32
		Development Editor|Win64 = Development Editor|Win64
		Development|HTML5 = Development|HTML5
		Development|Win32 = Development|Win32
		Development|Win64 = Development|Win64
		Shipping|HTML5 = Shipping|HTML5
		Shipping|Win32 = Shipping|Win32
		Shipping|Win64 = Shipping|Win64
	EndGlobalSection
	GlobalSection(ProjectConfigurationPlatforms) = postSolution
		{ABF6D315-7DEA-45D8-B50B-30CADA5D9FAD}.DebugGame Editor|HTML5.ActiveCfg = HTML5_DebugGame_Editor|Win32
		{ABF6D315-7DEA-45D8-B50B-30CADA5D9FAD}.DebugGame Editor|Win32.ActiveCfg = DebugGame_Editor|Win32
		{ABF6D315-7DEA-45D8-B50B-30CADA5D9FAD}.DebugGame Editor|Win64.ActiveCfg = DebugGame_Editor|x64
		{ABF6D315-7DEA-45D8-B50B-30CADA5D9FAD}.DebugGame Editor|Win64.Build.0 = DebugGame_Editor|x64
		{ABF6D315-7DEA-45D8-B50B-30CADA5D9FAD}.DebugGame|HTML5.ActiveCfg = HTML5_DebugGame_Game|Win32
		{ABF6D315-7DEA-45D8-B50B-30CADA5D9FAD}.DebugGame|HTML5.Build.0 = HTML5_DebugGame_Game|Win32
		{ABF6D315-7DEA-45D8-B50B-30CADA5D9FAD}.DebugGame|Win32.ActiveCfg = DebugGame_Game|Win32
		{ABF6D315-7DEA-45D8-B50B-30CADA5D9FAD}.DebugGame|Win32.Build.0 = DebugGame_Game|Win32
		{ABF6D315-7DEA-45D8-B50B-30CADA5D9FAD}.DebugGame|Win64.ActiveCfg = DebugGame_Game|x64
		{ABF6D315-7DEA-45D8-B50B-30CADA5D9FAD}.DebugGame|Win64.Build.0 = DebugGame_Game|x64
		{ABF6D315-7DEA-45D8-B50B-30CADA5D9FAD}.Development Editor|HTML5.ActiveCfg = HTML5_Development_Editor|Win32
		{ABF6D315-7DEA-45D8-B50B-30CADA5D9FAD}.Development Editor|Win32.ActiveCfg = Development_Editor|Win32
		{ABF6D315-7DEA-45D8-B50B-30CADA5D9FAD}.Development Editor|Win64.ActiveCfg = Development_Editor|x64
		{ABF6D315-7DEA-45D8-B50B-30CADA5D9FAD}.Development Editor|Win64.Build.0 = Development_Editor|x64
		{ABF6D315-7DEA-45D8-B50B-30CADA5D9FAD}.Development|HTML5.ActiveCfg = HTML5_Development_Game|Win32
		{ABF6D315-7DEA-45D8-B50B-30CADA5D9FAD}.Development|HTML5.Build.0 = HTML5_Development_Game|Win32
		{ABF6D315-7DEA-45D8-B50B-30CADA5D9FAD}.Development|Win32.ActiveCfg = Development_Game|Win32
		{ABF6D315-7DEA-45D8-B50B-30CADA5D9FAD}.Development|Win32.Build.0 = Development_Game|Win32
		{ABF6D315-7DEA-45D8-B50B-30CADA5D9FAD}.Development|Win64.ActiveCfg = Development_Game|x64
		{ABF6D315-7DEA-45D8-B50B-30CADA5D9FAD}.Development|Win64.Build.0 = Development_Game|x64
		{ABF6D315-7DEA-45D8-B50B-30CADA5D9FAD}.Shipping|HTML5.ActiveCfg = HTML5_Shipping_Game|Win32
		{ABF6D315-7DEA-45D8-B50B-30CADA5D9FAD}.Shipping|HTML5.Build.0 = HTML5_Shipping_Game|Win32
		{ABF6D315-7DEA-45D8-B50B-30CADA5D9FAD}.Shipping|Win32.ActiveCfg = Shipping_Game|Win32
		{ABF6D315-7DEA-45D8-B50B-30CADA5D9FAD}.Shipping|Win32.Build.0 = Shipping_Game|Win32
		{ABF6D315-7DEA-45D8-B50B-30CADA5D9FAD}.Shipping|Win64.ActiveCfg = Shipping_Game|x64
		{ABF6D315-7DEA-45D8-B50B-30CADA5D9FAD}.Shipping|Win64.Build.0 = Shipping_Game|x64
	EndGlobalSection
	GlobalSection(SolutionProperties) = preSolution
		HideSolutionNode = FALSE
	EndGlobalSection
	GlobalSection(NestedProjects) = preSolution
		{50D68A00-DCDF-4296-816A-903C5CDE1061} = {2B03B8FF-8158-4623-877D-576C1ECD0DD2}
		{ABF6D315-7DEA-45D8-B50B-30CADA5D9FAD} = {9352FC37-A170-4C69-9750-3F9D894361D2}
	EndGlobalSection
EndGlobal
